<?xml version="1.0" encoding="utf-8"?>
<Project ToolsVersion="4.0" xmlns="http://schemas.microsoft.com/developer/msbuild/2003">
  <ItemGroup>
    <Filter Include="common">
      <UniqueIdentifier>{150e8721-d7c3-4f34-9ed0-7cf8102f7a37}</UniqueIdentifier>
    </Filter>
  </ItemGroup>
  <ItemGroup>
    <ClCompile Include="..\common\cpp\Report.cpp">
      <Filter>common</Filter>
    </ClCompile>
    <ClCompile Include="..\common\cpp\Token.cpp">
      <Filter>common</Filter>
    </ClCompile>
    <ClCompile Include="..\common\cpp\ASTNode.cpp">
      <Filter>common</Filter>
    </ClCompile>
    <ClCompile Include="..\common\cpp\Profiling.cpp">
      <Filter>common</Filter>
    </ClCompile>
  </ItemGroup>
  <ItemGroup>
    <ClInclude Include="..\common\cpp\ASTNode.h">
      <Filter>common</Filter>
    </ClInclude>
    <ClInclude Include="..\common\cpp\Report.h">
      <Filter>common</Filter>
    </ClInclude>
    <ClInclude Include="..\common\cpp\Token.h">
      <Filter>common</Filter>
    </ClInclude>
    <ClInclude Include="..\common\cpp\Escaping.h">
      <Filter>common</Filter>
    </ClInclude>
    <ClInclude Include="..\common\cpp\ASTVisitor.h">
      <Filter>common</Filter>
    </ClInclude>
    <ClInclude Include="..\common\cpp\Pool.h">
      <Filter>common</Filter>
    </ClInclude>
    <ClInclude Include="..\common\cpp\Profiling.h">
      <Filter>common</Filter>
    </ClInclude>
  </ItemGroup>
</Project>