// !$*UTF8*$!
{
	archiveVersion = 1;
	classes = {
	};
	objectVersion = 48;
	objects = {

/* Begin PBXBuildFile section */
		165CD4281FDF6C2C00881E8C /* LLK.h in Headers */ = {isa = PBXBuildFile; fileRef = 165CD4181FDF6C2B00881E8C /* LLK.h */; };
		165CD4291FDF6C2C00881E8C /* GrammarCompiler.cpp in Sources */ = {isa = PBXBuildFile; fileRef = 165CD4191FDF6C2B00881E8C /* GrammarCompiler.cpp */; };
		165CD42A1FDF6C2C00881E8C /* GrammarCompiler.h in Headers */ = {isa = PBXBuildFile; fileRef = 165CD41A1FDF6C2B00881E8C /* GrammarCompiler.h */; };
		165CD42B1FDF6C2C00881E8C /* CP2Parser.cpp in Sources */ = {isa = PBXBuildFile; fileRef = 165CD41B1FDF6C2B00881E8C /* CP2Parser.cpp */; };
		165CD42C1FDF6C2C00881E8C /* LLK.cpp in Sources */ = {isa = PBXBuildFile; fileRef = 165CD41C1FDF6C2B00881E8C /* LLK.cpp */; };
		165CD42D1FDF6C2C00881E8C /* CBNFParser.h in Headers */ = {isa = PBXBuildFile; fileRef = 165CD41D1FDF6C2B00881E8C /* CBNFParser.h */; };
		165CD42E1FDF6C2C00881E8C /* Parser.cpp in Sources */ = {isa = PBXBuildFile; fileRef = 165CD41E1FDF6C2B00881E8C /* Parser.cpp */; };
		165CD42F1FDF6C2C00881E8C /* GrammarExpression.h in Headers */ = {isa = PBXBuildFile; fileRef = 165CD41F1FDF6C2B00881E8C /* GrammarExpression.h */; };
		165CD4301FDF6C2C00881E8C /* CP2Parser.h in Headers */ = {isa = PBXBuildFile; fileRef = 165CD4201FDF6C2B00881E8C /* CP2Parser.h */; };
		165CD4311FDF6C2C00881E8C /* GrammarExpression.cpp in Sources */ = {isa = PBXBuildFile; fileRef = 165CD4211FDF6C2B00881E8C /* GrammarExpression.cpp */; };
		165CD4321FDF6C2C00881E8C /* Grammar.h in Headers */ = {isa = PBXBuildFile; fileRef = 165CD4221FDF6C2B00881E8C /* Grammar.h */; };
		165CD4331FDF6C2C00881E8C /* NormalisedGrammar.cpp in Sources */ = {isa = PBXBuildFile; fileRef = 165CD4231FDF6C2B00881E8C /* NormalisedGrammar.cpp */; };
		165CD4341FDF6C2C00881E8C /* Parser.h in Headers */ = {isa = PBXBuildFile; fileRef = 165CD4241FDF6C2B00881E8C /* Parser.h */; };
		165CD4351FDF6C2C00881E8C /* Grammar.cpp in Sources */ = {isa = PBXBuildFile; fileRef = 165CD4251FDF6C2B00881E8C /* Grammar.cpp */; };
		165CD4361FDF6C2C00881E8C /* CBNFParser.cpp in Sources */ = {isa = PBXBuildFile; fileRef = 165CD4261FDF6C2C00881E8C /* CBNFParser.cpp */; };
		165CD4371FDF6C2C00881E8C /* NormalisedGrammar.h in Headers */ = {isa = PBXBuildFile; fileRef = 165CD4271FDF6C2C00881E8C /* NormalisedGrammar.h */; };
/* End PBXBuildFile section */

/* Begin PBXFileReference section */
		165CD40B1FDF6C0000881E8C /* libParser.a */ = {isa = PBXFileReference; explicitFileType = archive.ar; includeInIndex = 0; path = libParser.a; sourceTree = BUILT_PRODUCTS_DIR; };
		165CD4181FDF6C2B00881E8C /* LLK.h */ = {isa = PBXFileReference; fileEncoding = 4; lastKnownFileType = sourcecode.c.h; name = LLK.h; path = ../parser/cpp/LLK.h; sourceTree = "<group>"; };
		165CD4191FDF6C2B00881E8C /* GrammarCompiler.cpp */ = {isa = PBXFileReference; fileEncoding = 4; lastKnownFileType = sourcecode.cpp.cpp; name = GrammarCompiler.cpp; path = ../parser/cpp/GrammarCompiler.cpp; sourceTree = "<group>"; };
		165CD41A1FDF6C2B00881E8C /* GrammarCompiler.h */ = {isa = PBXFileReference; fileEncoding = 4; lastKnownFileType = sourcecode.c.h; name = GrammarCompiler.h; path = ../parser/cpp/GrammarCompiler.h; sourceTree = "<group>"; };
		165CD41B1FDF6C2B00881E8C /* CP2Parser.cpp */ = {isa = PBXFileReference; fileEncoding = 4; lastKnownFileType = sourcecode.cpp.cpp; name = CP2Parser.cpp; path = ../parser/cpp/CP2Parser.cpp; sourceTree = "<group>"; };
		165CD41C1FDF6C2B00881E8C /* LLK.cpp */ = {isa = PBXFileReference; fileEncoding = 4; lastKnownFileType = sourcecode.cpp.cpp; name = LLK.cpp; path = ../parser/cpp/LLK.cpp; sourceTree = "<group>"; };
		165CD41D1FDF6C2B00881E8C /* CBNFParser.h */ = {isa = PBXFileReference; fileEncoding = 4; lastKnownFileType = sourcecode.c.h; name = CBNFParser.h; path = ../parser/cpp/CBNFParser.h; sourceTree = "<group>"; };
		165CD41E1FDF6C2B00881E8C /* Parser.cpp */ = {isa = PBXFileReference; fileEncoding = 4; lastKnownFileType = sourcecode.cpp.cpp; name = Parser.cpp; path = ../parser/cpp/Parser.cpp; sourceTree = "<group>"; };
		165CD41F1FDF6C2B00881E8C /* GrammarExpression.h */ = {isa = PBXFileReference; fileEncoding = 4; lastKnownFileType = sourcecode.c.h; name = GrammarExpression.h; path = ../parser/cpp/GrammarExpression.h; sourceTree = "<group>"; };
		165CD4201FDF6C2B00881E8C /* CP2Parser.h */ = {isa = PBXFileReference; fileEncoding = 4; lastKnownFileType = sourcecode.c.h; name = CP2Parser.h; path = ../parser/cpp/CP2Parser.h; sourceTree = "<group>"; };
		165CD4211FDF6C2B00881E8C /* GrammarExpression.cpp */ = {isa = PBXFileReference; fileEncoding = 4; lastKnownFileType = sourcecode.cpp.cpp; name = GrammarExpression.cpp; path = ../parser/cpp/GrammarExpression.cpp; sourceTree = "<group>"; };
		165CD4221FDF6C2B00881E8C /* Grammar.h */ = {isa = PBXFileReference; fileEncoding = 4; lastKnownFileType = sourcecode.c.h; name = Grammar.h; path = ../parser/cpp/Grammar.h; sourceTree = "<group>"; };
		165CD4231FDF6C2B00881E8C /* NormalisedGrammar.cpp */ = {isa = PBXFileReference; fileEncoding = 4; lastKnownFileType = sourcecode.cpp.cpp; name = NormalisedGrammar.cpp; path = ../parser/cpp/NormalisedGrammar.cpp; sourceTree = "<group>"; };
		165CD4241FDF6C2B00881E8C /* Parser.h */ = {isa = PBXFileReference; fileEncoding = 4; lastKnownFileType = sourcecode.c.h; name = Parser.h; path = ../parser/cpp/Parser.h; sourceTree = "<group>"; };
		165CD4251FDF6C2B00881E8C /* Grammar.cpp */ = {isa = PBXFileReference; fileEncoding = 4; lastKnownFileType = sourcecode.cpp.cpp; name = Grammar.cpp; path = ../parser/cpp/Grammar.cpp; sourceTree = "<group>"; };
		165CD4261FDF6C2C00881E8C /* CBNFParser.cpp */ = {isa = PBXFileReference; fileEncoding = 4; lastKnownFileType = sourcecode.cpp.cpp; name = CBNFParser.cpp; path = ../parser/cpp/CBNFParser.cpp; sourceTree = "<group>"; };
		165CD4271FDF6C2C00881E8C /* NormalisedGrammar.h */ = {isa = PBXFileReference; fileEncoding = 4; lastKnownFileType = sourcecode.c.h; name = NormalisedGrammar.h; path = ../parser/cpp/NormalisedGrammar.h; sourceTree = "<group>"; };
/* End PBXFileReference section */

/* Begin PBXFrameworksBuildPhase section */
		165CD4081FDF6C0000881E8C /* Frameworks */ = {
			isa = PBXFrameworksBuildPhase;
			buildActionMask = 2147483647;
			files = (
			);
			runOnlyForDeploymentPostprocessing = 0;
		};
/* End PBXFrameworksBuildPhase section */

/* Begin PBXGroup section */
		165CD4021FDF6C0000881E8C = {
			isa = PBXGroup;
			children = (
				165CD4261FDF6C2C00881E8C /* CBNFParser.cpp */,
				165CD41D1FDF6C2B00881E8C /* CBNFParser.h */,
				165CD41B1FDF6C2B00881E8C /* CP2Parser.cpp */,
				165CD4201FDF6C2B00881E8C /* CP2Parser.h */,
				165CD4251FDF6C2B00881E8C /* Grammar.cpp */,
				165CD4221FDF6C2B00881E8C /* Grammar.h */,
				165CD4191FDF6C2B00881E8C /* GrammarCompiler.cpp */,
				165CD41A1FDF6C2B00881E8C /* GrammarCompiler.h */,
				165CD4211FDF6C2B00881E8C /* GrammarExpression.cpp */,
				165CD41F1FDF6C2B00881E8C /* GrammarExpression.h */,
				165CD41C1FDF6C2B00881E8C /* LLK.cpp */,
				165CD4181FDF6C2B00881E8C /* LLK.h */,
				165CD4231FDF6C2B00881E8C /* NormalisedGrammar.cpp */,
				165CD4271FDF6C2C00881E8C /* NormalisedGrammar.h */,
				165CD41E1FDF6C2B00881E8C /* Parser.cpp */,
				165CD4241FDF6C2B00881E8C /* Parser.h */,
				165CD40C1FDF6C0000881E8C /* Products */,
			);
			sourceTree = "<group>";
		};
		165CD40C1FDF6C0000881E8C /* Products */ = {
			isa = PBXGroup;
			children = (
				165CD40B1FDF6C0000881E8C /* libParser.a */,
			);
			name = Products;
			sourceTree = "<group>";
		};
/* End PBXGroup section */

/* Begin PBXHeadersBuildPhase section */
		165CD4091FDF6C0000881E8C /* Headers */ = {
			isa = PBXHeadersBuildPhase;
			buildActionMask = 2147483647;
			files = (
				165CD42F1FDF6C2C00881E8C /* GrammarExpression.h in Headers */,
				165CD4341FDF6C2C00881E8C /* Parser.h in Headers */,
				165CD4281FDF6C2C00881E8C /* LLK.h in Headers */,
				165CD42A1FDF6C2C00881E8C /* GrammarCompiler.h in Headers */,
				165CD4301FDF6C2C00881E8C /* CP2Parser.h in Headers */,
				165CD4321FDF6C2C00881E8C /* Grammar.h in Headers */,
				165CD4371FDF6C2C00881E8C /* NormalisedGrammar.h in Headers */,
				165CD42D1FDF6C2C00881E8C /* CBNFParser.h in Headers */,
			);
			runOnlyForDeploymentPostprocessing = 0;
		};
/* End PBXHeadersBuildPhase section */

/* Begin PBXNativeTarget section */
		165CD40A1FDF6C0000881E8C /* Parser */ = {
			isa = PBXNativeTarget;
			buildConfigurationList = 165CD40F1FDF6C0000881E8C /* Build configuration list for PBXNativeTarget "Parser" */;
			buildPhases = (
				165CD4071FDF6C0000881E8C /* Sources */,
				165CD4081FDF6C0000881E8C /* Frameworks */,
				165CD4091FDF6C0000881E8C /* Headers */,
			);
			buildRules = (
			);
			dependencies = (
			);
			name = Parser;
			productName = Parser;
			productReference = 165CD40B1FDF6C0000881E8C /* libParser.a */;
			productType = "com.apple.product-type.library.static";
		};
/* End PBXNativeTarget section */

/* Begin PBXProject section */
		165CD4031FDF6C0000881E8C /* Project object */ = {
			isa = PBXProject;
			attributes = {
				LastUpgradeCheck = 0910;
				ORGANIZATIONNAME = "Semi Essessi";
				TargetAttributes = {
					165CD40A1FDF6C0000881E8C = {
						CreatedOnToolsVersion = 9.1;
						ProvisioningStyle = Automatic;
					};
				};
			};
			buildConfigurationList = 165CD4061FDF6C0000881E8C /* Build configuration list for PBXProject "Parser" */;
			compatibilityVersion = "Xcode 8.0";
			developmentRegion = en;
			hasScannedForEncodings = 0;
			knownRegions = (
				en,
			);
			mainGroup = 165CD4021FDF6C0000881E8C;
			productRefGroup = 165CD40C1FDF6C0000881E8C /* Products */;
			projectDirPath = "";
			projectRoot = "";
			targets = (
				165CD40A1FDF6C0000881E8C /* Parser */,
			);
		};
/* End PBXProject section */

/* Begin PBXSourcesBuildPhase section */
		165CD4071FDF6C0000881E8C /* Sources */ = {
			isa = PBXSourcesBuildPhase;
			buildActionMask = 2147483647;
			files = (
				165CD4311FDF6C2C00881E8C /* GrammarExpression.cpp in Sources */,
				165CD42E1FDF6C2C00881E8C /* Parser.cpp in Sources */,
				165CD4351FDF6C2C00881E8C /* Grammar.cpp in Sources */,
				165CD42C1FDF6C2C00881E8C /* LLK.cpp in Sources */,
				165CD42B1FDF6C2C00881E8C /* CP2Parser.cpp in Sources */,
				165CD4361FDF6C2C00881E8C /* CBNFParser.cpp in Sources */,
				165CD4291FDF6C2C00881E8C /* GrammarCompiler.cpp in Sources */,
				165CD4331FDF6C2C00881E8C /* NormalisedGrammar.cpp in Sources */,
			);
			runOnlyForDeploymentPostprocessing = 0;
		};
/* End PBXSourcesBuildPhase section */

/* Begin XCBuildConfiguration section */
		165CD40D1FDF6C0000881E8C /* Debug */ = {
			isa = XCBuildConfiguration;
			buildSettings = {
				ALWAYS_SEARCH_USER_PATHS = NO;
				CLANG_ANALYZER_NONNULL = YES;
				CLANG_ANALYZER_NUMBER_OBJECT_CONVERSION = YES_AGGRESSIVE;
				CLANG_CXX_LANGUAGE_STANDARD = "gnu++14";
				CLANG_CXX_LIBRARY = "libc++";
				CLANG_ENABLE_MODULES = YES;
				CLANG_ENABLE_OBJC_ARC = YES;
				CLANG_WARN_BLOCK_CAPTURE_AUTORELEASING = YES;
				CLANG_WARN_BOOL_CONVERSION = YES;
				CLANG_WARN_COMMA = YES;
				CLANG_WARN_CONSTANT_CONVERSION = YES;
				CLANG_WARN_DIRECT_OBJC_ISA_USAGE = YES_ERROR;
				CLANG_WARN_DOCUMENTATION_COMMENTS = YES;
				CLANG_WARN_EMPTY_BODY = YES;
				CLANG_WARN_ENUM_CONVERSION = YES;
				CLANG_WARN_INFINITE_RECURSION = YES;
				CLANG_WARN_INT_CONVERSION = YES;
				CLANG_WARN_NON_LITERAL_NULL_CONVERSION = YES;
				CLANG_WARN_OBJC_LITERAL_CONVERSION = YES;
				CLANG_WARN_OBJC_ROOT_CLASS = YES_ERROR;
				CLANG_WARN_RANGE_LOOP_ANALYSIS = YES;
				CLANG_WARN_STRICT_PROTOTYPES = YES;
				CLANG_WARN_SUSPICIOUS_MOVE = YES;
				CLANG_WARN_UNGUARDED_AVAILABILITY = YES_AGGRESSIVE;
				CLANG_WARN_UNREACHABLE_CODE = YES;
				CLANG_WARN__DUPLICATE_METHOD_MATCH = YES;
				CODE_SIGN_IDENTITY = "Mac Developer";
				COPY_PHASE_STRIP = NO;
				DEBUG_INFORMATION_FORMAT = dwarf;
				ENABLE_STRICT_OBJC_MSGSEND = YES;
				ENABLE_TESTABILITY = YES;
				GCC_C_LANGUAGE_STANDARD = gnu11;
				GCC_DYNAMIC_NO_PIC = NO;
				GCC_NO_COMMON_BLOCKS = YES;
				GCC_OPTIMIZATION_LEVEL = 0;
				GCC_PREPROCESSOR_DEFINITIONS = (
					"DEBUG=1",
					"$(inherited)",
				);
				GCC_WARN_64_TO_32_BIT_CONVERSION = YES;
				GCC_WARN_ABOUT_RETURN_TYPE = YES_ERROR;
				GCC_WARN_UNDECLARED_SELECTOR = YES;
				GCC_WARN_UNINITIALIZED_AUTOS = YES_AGGRESSIVE;
				GCC_WARN_UNUSED_FUNCTION = YES;
				GCC_WARN_UNUSED_VARIABLE = YES;
				MACOSX_DEPLOYMENT_TARGET = 10.12;
				MTL_ENABLE_DEBUG_INFO = YES;
				ONLY_ACTIVE_ARCH = YES;
				SDKROOT = macosx;
			};
			name = Debug;
		};
		165CD40E1FDF6C0000881E8C /* Release */ = {
			isa = XCBuildConfiguration;
			buildSettings = {
				ALWAYS_SEARCH_USER_PATHS = NO;
				CLANG_ANALYZER_NONNULL = YES;
				CLANG_ANALYZER_NUMBER_OBJECT_CONVERSION = YES_AGGRESSIVE;
				CLANG_CXX_LANGUAGE_STANDARD = "gnu++14";
				CLANG_CXX_LIBRARY = "libc++";
				CLANG_ENABLE_MODULES = YES;
				CLANG_ENABLE_OBJC_ARC = YES;
				CLANG_WARN_BLOCK_CAPTURE_AUTORELEASING = YES;
				CLANG_WARN_BOOL_CONVERSION = YES;
				CLANG_WARN_COMMA = YES;
				CLANG_WARN_CONSTANT_CONVERSION = YES;
				CLANG_WARN_DIRECT_OBJC_ISA_USAGE = YES_ERROR;
				CLANG_WARN_DOCUMENTATION_COMMENTS = YES;
				CLANG_WARN_EMPTY_BODY = YES;
				CLANG_WARN_ENUM_CONVERSION = YES;
				CLANG_WARN_INFINITE_RECURSION = YES;
				CLANG_WARN_INT_CONVERSION = YES;
				CLANG_WARN_NON_LITERAL_NULL_CONVERSION = YES;
				CLANG_WARN_OBJC_LITERAL_CONVERSION = YES;
				CLANG_WARN_OBJC_ROOT_CLASS = YES_ERROR;
				CLANG_WARN_RANGE_LOOP_ANALYSIS = YES;
				CLANG_WARN_STRICT_PROTOTYPES = YES;
				CLANG_WARN_SUSPICIOUS_MOVE = YES;
				CLANG_WARN_UNGUARDED_AVAILABILITY = YES_AGGRESSIVE;
				CLANG_WARN_UNREACHABLE_CODE = YES;
				CLANG_WARN__DUPLICATE_METHOD_MATCH = YES;
				CODE_SIGN_IDENTITY = "Mac Developer";
				COPY_PHASE_STRIP = NO;
				DEBUG_INFORMATION_FORMAT = "dwarf-with-dsym";
				ENABLE_NS_ASSERTIONS = NO;
				ENABLE_STRICT_OBJC_MSGSEND = YES;
				GCC_C_LANGUAGE_STANDARD = gnu11;
				GCC_NO_COMMON_BLOCKS = YES;
				GCC_WARN_64_TO_32_BIT_CONVERSION = YES;
				GCC_WARN_ABOUT_RETURN_TYPE = YES_ERROR;
				GCC_WARN_UNDECLARED_SELECTOR = YES;
				GCC_WARN_UNINITIALIZED_AUTOS = YES_AGGRESSIVE;
				GCC_WARN_UNUSED_FUNCTION = YES;
				GCC_WARN_UNUSED_VARIABLE = YES;
				MACOSX_DEPLOYMENT_TARGET = 10.12;
				MTL_ENABLE_DEBUG_INFO = NO;
				SDKROOT = macosx;
			};
			name = Release;
		};
		165CD4101FDF6C0000881E8C /* Debug */ = {
			isa = XCBuildConfiguration;
			buildSettings = {
				CODE_SIGN_STYLE = Automatic;
				DEVELOPMENT_TEAM = 438D8WWSVF;
				EXECUTABLE_PREFIX = lib;
				PRODUCT_NAME = "$(TARGET_NAME)";
			};
			name = Debug;
		};
		165CD4111FDF6C0000881E8C /* Release */ = {
			isa = XCBuildConfiguration;
			buildSettings = {
				CODE_SIGN_STYLE = Automatic;
				DEVELOPMENT_TEAM = 438D8WWSVF;
				EXECUTABLE_PREFIX = lib;
				PRODUCT_NAME = "$(TARGET_NAME)";
			};
			name = Release;
		};
/* End XCBuildConfiguration section */

/* Begin XCConfigurationList section */
		165CD4061FDF6C0000881E8C /* Build configuration list for PBXProject "Parser" */ = {
			isa = XCConfigurationList;
			buildConfigurations = (
				165CD40D1FDF6C0000881E8C /* Debug */,
				165CD40E1FDF6C0000881E8C /* Release */,
			);
			defaultConfigurationIsVisible = 0;
			defaultConfigurationName = Release;
		};
		165CD40F1FDF6C0000881E8C /* Build configuration list for PBXNativeTarget "Parser" */ = {
			isa = XCConfigurationList;
			buildConfigurations = (
				165CD4101FDF6C0000881E8C /* Debug */,
				165CD4111FDF6C0000881E8C /* Release */,
			);
			defaultConfigurationIsVisible = 0;
			defaultConfigurationName = Release;
		};
/* End XCConfigurationList section */
	};
	rootObject = 165CD4031FDF6C0000881E8C /* Project object */;
}
